{
  "name": "mvp-notification",
  "version": "1.0.0",
  "lockfileVersion": 1,
  "requires": true,
  "dependencies": {
    "@socket.io/component-emitter": {
      "version": "3.1.2",
      "resolved": "https://registry.npmjs.org/@socket.io/component-emitter/-/component-emitter-3.1.2.tgz",
      "integrity": "sha512-9BCxFwvbGg/RsZK9tjXd8s4UcwR0MWeFQ1XEKIQVVvAGJyINdrqKMcTRyLoK8Rse1GjzLV9cwjWV1olXRWEXVA=="
    },
    "debug": {
      "version": "4.3.7",
      "resolved": "https://registry.npmjs.org/debug/-/debug-4.3.7.tgz",
      "integrity": "sha512-Er2nc/H7RrMXZBFCEim6TCmMk02Z8vLC2Rbi1KEBggpo0fS6l0S1nnapwmIi3yW/+GOJap1Krg4w0Hg80oCqgQ==",
      "requires": {
        "ms": "^2.1.3"
      }
    },
    "engine.io-client": {
      "version": "6.6.3",
      "resolved": "https://registry.npmjs.org/engine.io-client/-/engine.io-client-6.6.3.tgz",
      "integrity": "sha512-T0iLjnyNWahNyv/lcjS2y4oE358tVS/SYQNxYXGAJ9/GLgH4VCvOQ/mhTjqU88mLZCQgiG8RIegFHYCdVC+j5w==",
      "requires": {
        "@socket.io/component-emitter": "~3.1.0",
        "debug": "~4.3.1",
        "engine.io-parser": "~5.2.1",
        "ws": "~8.17.1",
        "xmlhttprequest-ssl": "~2.1.1"
      }
    },
    "engine.io-parser": {
      "version": "5.2.3",
      "resolved": "https://registry.npmjs.org/engine.io-parser/-/engine.io-parser-5.2.3.tgz",
      "integrity": "sha512-HqD3yTBfnBxIrbnM1DoD6Pcq8NECnh8d4As1Qgh0z5Gg3jRRIqijury0CL3ghu/edArpUYiYqQiDUQBIs4np3Q=="
    },
    "expo-av": {
      "version": "16.0.8",
      "resolved": "https://registry.npmjs.org/expo-av/-/expo-av-16.0.8.tgz",
      "integrity": "sha512-cmVPftGR/ca7XBgs7R6ky36lF3OC0/MM/lpgX/yXqfv0jASTsh7AYX9JxHCwFmF+Z6JEB1vne9FDx4GiLcGreQ=="
    },
    "expo-file-system": {
      "version": "19.0.20",
      "resolved": "https://registry.npmjs.org/expo-file-system/-/expo-file-system-19.0.20.tgz",
      "integrity": "sha512-Jr/nNvJmUlptS3cHLKVBNyTyGMHNyxYBKRph1KRe0Nb3RzZza1gZLZXMG5Ky//sO2azTn+OaT0dv/lAyL0vJNA=="
    },
    "expo-location": {
      "version": "19.0.8",
      "resolved": "https://registry.npmjs.org/expo-location/-/expo-location-19.0.8.tgz",
      "integrity": "sha512-H/FI75VuJ1coodJbbMu82pf+Zjess8X8Xkiv9Bv58ZgPKS/2ztjC1YO1/XMcGz7+s9DrbLuMIw22dFuP4HqneA=="
    },
    "expo-speech": {
      "version": "14.0.8",
      "resolved": "https://registry.npmjs.org/expo-speech/-/expo-speech-14.0.8.tgz",
      "integrity": "sha512-UjBFCFv58nutlLw92L7kUS0ZjbOOfaTdiEv/HbjvMrT6BfldoOLLBZbaEcEhDdZK36NY/kass0Kzxk+co6vxSQ=="
    },
    "expo-task-manager": {
      "version": "14.0.9",
      "resolved": "https://registry.npmjs.org/expo-task-manager/-/expo-task-manager-14.0.9.tgz",
      "integrity": "sha512-GKWtXrkedr4XChHfTm5IyTcSfMtCPxzx89y4CMVqKfyfROATibrE/8UI5j7UC/pUOfFoYlQvulQEvECMreYuUA==",
      "requires": {
        "unimodules-app-loader": "~6.0.8"
      }
    },
    "ms": {
      "version": "2.1.3",
      "resolved": "https://registry.npmjs.org/ms/-/ms-2.1.3.tgz",
      "integrity": "sha512-6FlzubTLZG3J2a/NVCAleEhjzq5oxgHyaCU9yYXvcLsvoVaHJq/s5xXI6/XXP6tz7R9xAOtHnSO/tXtF3WRTlA=="
    },
    "socket.io-client": {
      "version": "4.8.1",
      "resolved": "https://registry.npmjs.org/socket.io-client/-/socket.io-client-4.8.1.tgz",
      "integrity": "sha512-hJVXfu3E28NmzGk8o1sHhN3om52tRvwYeidbj7xKy2eIIse5IoKX3USlS6Tqt3BHAtflLIkCQBkzVrEEfWUyYQ==",
      "requires": {
        "@socket.io/component-emitter": "~3.1.0",
        "debug": "~4.3.2",
        "engine.io-client": "~6.6.1",
        "socket.io-parser": "~4.2.4"
      }
    },
    "socket.io-parser": {
      "version": "4.2.4",
      "resolved": "https://registry.npmjs.org/socket.io-parser/-/socket.io-parser-4.2.4.tgz",
      "integrity": "sha512-/GbIKmo8ioc+NIWIhwdecY0ge+qVBSMdgxGygevmdHj24bsfgtCmcUUcQ5ZzcylGFHsN3k4HB4Cgkl96KVnuew==",
      "requires": {
        "@socket.io/component-emitter": "~3.1.0",
        "debug": "~4.3.1"
      }
    },
    "unimodules-app-loader": {
      "version": "6.0.8",
      "resolved": "https://registry.npmjs.org/unimodules-app-loader/-/unimodules-app-loader-6.0.8.tgz",
      "integrity": "sha512-fqS8QwT/MC/HAmw1NKCHdzsPA6WaLm0dNmoC5Pz6lL+cDGYeYCNdHMO9fy08aL2ZD7cVkNM0pSR/AoNRe+rslA=="
    },
    "ws": {
      "version": "8.17.1",
      "resolved": "https://registry.npmjs.org/ws/-/ws-8.17.1.tgz",
      "integrity": "sha512-6XQFvXTkbfUOZOKKILFG1PDK2NDQs4azKQl26T0YS5CxqWLgXajbPZ+h4gZekJyRqFU8pvnbAbbs/3TgRPy+GQ=="
    },
    "xmlhttprequest-ssl": {
      "version": "2.1.2",
      "resolved": "https://registry.npmjs.org/xmlhttprequest-ssl/-/xmlhttprequest-ssl-2.1.2.tgz",
      "integrity": "sha512-TEU+nJVUUnA4CYJFLvK5X9AOeH4KvDvhIfm0vV1GaQRtchnG0hgK5p8hw/xjv8cunWYCsiPCSDzObPyhEwq3KQ=="
    }
  }
}
